// !$*UTF8*$!
{
	archiveVersion = 1;
	classes = {
	};
	objectVersion = 77;
	objects = {

/* Begin PBXContainerItemProxy section */
		D542BFAE2D7A0EBF00A99792 /* PBXContainerItemProxy */ = {
			isa = PBXContainerItemProxy;
			containerPortal = D542BF8F2D7A0EBE00A99792 /* Project object */;
			proxyType = 1;
			remoteGlobalIDString = D542BF962D7A0EBE00A99792;
			remoteInfo = QuizAppUI;
		};
		D542BFB82D7A0EBF00A99792 /* PBXContainerItemProxy */ = {
			isa = PBXContainerItemProxy;
			containerPortal = D542BF8F2D7A0EBE00A99792 /* Project object */;
			proxyType = 1;
			remoteGlobalIDString = D542BF962D7A0EBE00A99792;
			remoteInfo = QuizAppUI;
		};
/* End PBXContainerItemProxy section */

/* Begin PBXFileReference section */
		D542BF972D7A0EBE00A99792 /* QuizAppUI.app */ = {isa = PBXFileReference; explicitFileType = wrapper.application; includeInIndex = 0; path = QuizAppUI.app; sourceTree = BUILT_PRODUCTS_DIR; };
		D542BFAD2D7A0EBF00A99792 /* QuizAppUITests.xctest */ = {isa = PBXFileReference; explicitFileType = wrapper.cfbundle; includeInIndex = 0; path = QuizAppUITests.xctest; sourceTree = BUILT_PRODUCTS_DIR; };
		D542BFB72D7A0EBF00A99792 /* QuizAppUIUITests.xctest */ = {isa = PBXFileReference; explicitFileType = wrapper.cfbundle; includeInIndex = 0; path = QuizAppUIUITests.xctest; sourceTree = BUILT_PRODUCTS_DIR; };
/* End PBXFileReference section */

/* Begin PBXFileSystemSynchronizedBuildFileExceptionSet section */
		D542BFBF2D7A0EBF00A99792 /* Exceptions for "QuizAppUI" folder in "QuizAppUI" target */ = {
			isa = PBXFileSystemSynchronizedBuildFileExceptionSet;
			membershipExceptions = (
				Info.plist,
			);
			target = D542BF962D7A0EBE00A99792 /* QuizAppUI */;
		};
/* End PBXFileSystemSynchronizedBuildFileExceptionSet section */

/* Begin PBXFileSystemSynchronizedRootGroup section */
		D542BF992D7A0EBE00A99792 /* QuizAppUI */ = {
			isa = PBXFileSystemSynchronizedRootGroup;
			exceptions = (
				D542BFBF2D7A0EBF00A99792 /* Exceptions for "QuizAppUI" folder in "QuizAppUI" target */,
			);
			path = QuizAppUI;
			sourceTree = "<group>";
		};
		D542BFB02D7A0EBF00A99792 /* QuizAppUITests */ = {
			isa = PBXFileSystemSynchronizedRootGroup;
			path = QuizAppUITests;
			sourceTree = "<group>";
		};
/* End PBXFileSystemSynchronizedRootGroup section */

/* Begin PBXFrameworksBuildPhase section */
		D542BF942D7A0EBE00A99792 /* Frameworks */ = {
			isa = PBXFrameworksBuildPhase;
			buildActionMask = 2147483647;
			files = (
			);
			runOnlyForDeploymentPostprocessing = 0;
		};
		D542BFAA2D7A0EBF00A99792 /* Frameworks */ = {
			isa = PBXFrameworksBuildPhase;
			buildActionMask = 2147483647;
			files = (
			);
			runOnlyForDeploymentPostprocessing = 0;
		};
		D542BFB42D7A0EBF00A99792 /* Frameworks */ = {
			isa = PBXFrameworksBuildPhase;
			buildActionMask = 2147483647;
			files = (
			);
			runOnlyForDeploymentPostprocessing = 0;
		};
/* End PBXFrameworksBuildPhase section */

/* Begin PBXGroup section */
		D542BF8E2D7A0EBE00A99792 = {
			isa = PBXGroup;
			children = (
				D542BF992D7A0EBE00A99792 /* QuizAppUI */,
				D542BFB02D7A0EBF00A99792 /* QuizAppUITests */,
				D542BF982D7A0EBE00A99792 /* Products */,
			);
			sourceTree = "<group>";
		};
		D542BF982D7A0EBE00A99792 /* Products */ = {
			isa = PBXGroup;
			children = (
				D542BF972D7A0EBE00A99792 /* QuizAppUI.app */,
				D542BFAD2D7A0EBF00A99792 /* QuizAppUITests.xctest */,
				D542BFB72D7A0EBF00A99792 /* QuizAppUIUITests.xctest */,
			);
			name = Products;
			sourceTree = "<group>";
		};
/* End PBXGroup section */

/* Begin PBXNativeTarget section */
		D542BF962D7A0EBE00A99792 /* QuizAppUI */ = {
			isa = PBXNativeTarget;
			buildConfigurationList = D542BFC02D7A0EBF00A99792 /* Build configuration list for PBXNativeTarget "QuizAppUI" */;
			buildPhases = (
				D542BF932D7A0EBE00A99792 /* Sources */,
				D542BF942D7A0EBE00A99792 /* Frameworks */,
				D542BF952D7A0EBE00A99792 /* Resources */,
			);
			buildRules = (
			);
			dependencies = (
			);
			fileSystemSynchronizedGroups = (
				D542BF992D7A0EBE00A99792 /* QuizAppUI */,
			);
			name = QuizAppUI;
			packageProductDependencies = (
			);
			productName = QuizAppUI;
			productReference = D542BF972D7A0EBE00A99792 /* QuizAppUI.app */;
			productType = "com.apple.product-type.application";
		};
		D542BFAC2D7A0EBF00A99792 /* QuizAppUITests */ = {
			isa = PBXNativeTarget;
			buildConfigurationList = D542BFC52D7A0EBF00A99792 /* Build configuration list for PBXNativeTarget "QuizAppUITests" */;
			buildPhases = (
				D542BFA92D7A0EBF00A99792 /* Sources */,
				D542BFAA2D7A0EBF00A99792 /* Frameworks */,
				D542BFAB2D7A0EBF00A99792 /* Resources */,
			);
			buildRules = (
			);
			dependencies = (
				D542BFAF2D7A0EBF00A99792 /* PBXTargetDependency */,
			);
			fileSystemSynchronizedGroups = (
				D542BFB02D7A0EBF00A99792 /* QuizAppUITests */,
			);
			name = QuizAppUITests;
			packageProductDependencies = (
			);
			productName = QuizAppUITests;
			productReference = D542BFAD2D7A0EBF00A99792 /* QuizAppUITests.xctest */;
			productType = "com.apple.product-type.bundle.unit-test";
		};
		D542BFB62D7A0EBF00A99792 /* QuizAppUIUITests */ = {
			isa = PBXNativeTarget;
			buildConfigurationList = D542BFC82D7A0EBF00A99792 /* Build configuration list for PBXNativeTarget "QuizAppUIUITests" */;
			buildPhases = (
				D542BFB32D7A0EBF00A99792 /* Sources */,
				D542BFB42D7A0EBF00A99792 /* Frameworks */,
				D542BFB52D7A0EBF00A99792 /* Resources */,
			);
			buildRules = (
			);
			dependencies = (
				D542BFB92D7A0EBF00A99792 /* PBXTargetDependency */,
			);
			name = QuizAppUIUITests;
			packageProductDependencies = (
			);
			productName = QuizAppUIUITests;
			productReference = D542BFB72D7A0EBF00A99792 /* QuizAppUIUITests.xctest */;
			productType = "com.apple.product-type.bundle.ui-testing";
		};
/* End PBXNativeTarget section */

/* Begin PBXProject section */
		D542BF8F2D7A0EBE00A99792 /* Project object */ = {
			isa = PBXProject;
			attributes = {
				BuildIndependentTargetsInParallel = 1;
				LastSwiftUpdateCheck = 1600;
				LastUpgradeCheck = 1600;
				TargetAttributes = {
					D542BF962D7A0EBE00A99792 = {
						CreatedOnToolsVersion = 16.0;
					};
					D542BFAC2D7A0EBF00A99792 = {
						CreatedOnToolsVersion = 16.0;
						TestTargetID = D542BF962D7A0EBE00A99792;
					};
					D542BFB62D7A0EBF00A99792 = {
						CreatedOnToolsVersion = 16.0;
						TestTargetID = D542BF962D7A0EBE00A99792;
					};
				};
			};
			buildConfigurationList = D542BF922D7A0EBE00A99792 /* Build configuration list for PBXProject "QuizAppUI" */;
			developmentRegion = en;
			hasScannedForEncodings = 0;
			knownRegions = (
				en,
				Base,
			);
			mainGroup = D542BF8E2D7A0EBE00A99792;
			minimizedProjectReferenceProxies = 1;
			preferredProjectObjectVersion = 77;
			productRefGroup = D542BF982D7A0EBE00A99792 /* Products */;
			projectDirPath = "";
			projectRoot = "";
			targets = (
				D542BF962D7A0EBE00A99792 /* QuizAppUI */,
				D542BFAC2D7A0EBF00A99792 /* QuizAppUITests */,
				D542BFB62D7A0EBF00A99792 /* QuizAppUIUITests */,
			);
		};
/* End PBXProject section */

/* Begin PBXResourcesBuildPhase section */
		D542BF952D7A0EBE00A99792 /* Resources */ = {
			isa = PBXResourcesBuildPhase;
			buildActionMask = 2147483647;
			files = (
			);
			runOnlyForDeploymentPostprocessing = 0;
		};
		D542BFAB2D7A0EBF00A99792 /* Resources */ = {
			isa = PBXResourcesBuildPhase;
			buildActionMask = 2147483647;
			files = (
			);
			runOnlyForDeploymentPostprocessing = 0;
		};
		D542BFB52D7A0EBF00A99792 /* Resources */ = {
			isa = PBXResourcesBuildPhase;
			buildActionMask = 2147483647;
			files = (
			);
			runOnlyForDeploymentPostprocessing = 0;
		};
/* End PBXResourcesBuildPhase section */

/* Begin PBXSourcesBuildPhase section */
		D542BF932D7A0EBE00A99792 /* Sources */ = {
			isa = PBXSourcesBuildPhase;
			buildActionMask = 2147483647;
			files = (
			);
			runOnlyForDeploymentPostprocessing = 0;
		};
		D542BFA92D7A0EBF00A99792 /* Sources */ = {
			isa = PBXSourcesBuildPhase;
			buildActionMask = 2147483647;
			files = (
			);
			runOnlyForDeploymentPostprocessing = 0;
		};
		D542BFB32D7A0EBF00A99792 /* Sources */ = {
			isa = PBXSourcesBuildPhase;
			buildActionMask = 2147483647;
			files = (
			);
			runOnlyForDeploymentPostprocessing = 0;
		};
/* End PBXSourcesBuildPhase section */

/* Begin PBXTargetDependency section */
		D542BFAF2D7A0EBF00A99792 /* PBXTargetDependency */ = {
			isa = PBXTargetDependency;
			target = D542BF962D7A0EBE00A99792 /* QuizAppUI */;
			targetProxy = D542BFAE2D7A0EBF00A99792 /* PBXContainerItemProxy */;
		};
		D542BFB92D7A0EBF00A99792 /* PBXTargetDependency */ = {
			isa = PBXTargetDependency;
			target = D542BF962D7A0EBE00A99792 /* QuizAppUI */;
			targetProxy = D542BFB82D7A0EBF00A99792 /* PBXContainerItemProxy */;
		};
/* End PBXTargetDependency section */

/* Begin XCBuildConfiguration section */
		D542BFC12D7A0EBF00A99792 /* Debug */ = {
			isa = XCBuildConfiguration;
			buildSettings = {
				ASSETCATALOG_COMPILER_APPICON_NAME = AppIcon;
				ASSETCATALOG_COMPILER_GLOBAL_ACCENT_COLOR_NAME = AccentColor;
				CODE_SIGN_STYLE = Automatic;
				CURRENT_PROJECT_VERSION = 1;
				GENERATE_INFOPLIST_FILE = YES;
				INFOPLIST_FILE = QuizAppUI/Info.plist;
				INFOPLIST_KEY_UIApplicationSupportsIndirectInputEvents = YES;
				INFOPLIST_KEY_UILaunchStoryboardName = LaunchScreen;
				INFOPLIST_KEY_UIMainStoryboardFile = "";
				INFOPLIST_KEY_UISupportedInterfaceOrientations_iPad = "UIInterfaceOrientationPortrait UIInterfaceOrientationPortraitUpsideDown UIInterfaceOrientationLandscapeLeft UIInterfaceOrientationLandscapeRight";
				INFOPLIST_KEY_UISupportedInterfaceOrientations_iPhone = "UIInterfaceOrientationPortrait UIInterfaceOrientationLandscapeLeft UIInterfaceOrientationLandscapeRight";
				LD_RUNPATH_SEARCH_PATHS = (
					"$(inherited)",
					"@executable_path/Frameworks",
				);
				MARKETING_VERSION = 1.0;
				PRODUCT_BUNDLE_IDENTIFIER = com.QuizAppUI;
				PRODUCT_NAME = "$(TARGET_NAME)";
				SWIFT_EMIT_LOC_STRINGS = YES;
				SWIFT_VERSION = 5.0;
				TARGETED_DEVICE_FAMILY = "1,2";
			};
			name = Debug;
		};
		D542BFC22D7A0EBF00A99792 /* Release */ = {
			isa = XCBuildConfiguration;
			buildSettings = {
				ASSETCATALOG_COMPILER_APPICON_NAME = AppIcon;
				ASSETCATALOG_COMPILER_GLOBAL_ACCENT_COLOR_NAME = AccentColor;
				CODE_SIGN_STYLE = Automatic;
				CURRENT_PROJECT_VERSION = 1;
				GENERATE_INFOPLIST_FILE = YES;
				INFOPLIST_FILE = QuizAppUI/Info.plist;
				INFOPLIST_KEY_UIApplicationSupportsIndirectInputEvents = YES;
				INFOPLIST_KEY_UILaunchStoryboardName = LaunchScreen;
				INFOPLIST_KEY_UIMainStoryboardFile = "";
				INFOPLIST_KEY_UISupportedInterfaceOrientations_iPad = "UIInterfaceOrientationPortrait UIInterfaceOrientationPortraitUpsideDown UIInterfaceOrientationLandscapeLeft UIInterfaceOrientationLandscapeRight";
				INFOPLIST_KEY_UISupportedInterfaceOrientations_iPhone = "UIInterfaceOrientationPortrait UIInterfaceOrientationLandscapeLeft UIInterfaceOrientationLandscapeRight";
				LD_RUNPATH_SEARCH_PATHS = (
					"$(inherited)",
					"@executable_path/Frameworks",
				);
				MARKETING_VERSION = 1.0;
				PRODUCT_BUNDLE_IDENTIFIER = com.QuizAppUI;
				PRODUCT_NAME = "$(TARGET_NAME)";
				SWIFT_EMIT_LOC_STRINGS = YES;
				SWIFT_VERSION = 5.0;
				TARGETED_DEVICE_FAMILY = "1,2";
			};
			name = Release;
		};
		D542BFC32D7A0EBF00A99792 /* Debug */ = {
			isa = XCBuildConfiguration;
			buildSettings = {
				ALWAYS_SEARCH_USER_PATHS = NO;
				ASSETCATALOG_COMPILER_GENERATE_SWIFT_ASSET_SYMBOL_EXTENSIONS = YES;
				CLANG_ANALYZER_NONNULL = YES;
				CLANG_ANALYZER_NUMBER_OBJECT_CONVERSION = YES_AGGRESSIVE;
				CLANG_CXX_LANGUAGE_STANDARD = "gnu++20";
				CLANG_ENABLE_MODULES = YES;
				CLANG_ENABLE_OBJC_ARC = YES;
				CLANG_ENABLE_OBJC_WEAK = YES;
				CLANG_WARN_BLOCK_CAPTURE_AUTORELEASING = YES;
				CLANG_WARN_BOOL_CONVERSION = YES;
				CLANG_WARN_COMMA = YES;
				CLANG_WARN_CONSTANT_CONVERSION = YES;
				CLANG_WARN_DEPRECATED_OBJC_IMPLEMENTATIONS = YES;
				CLANG_WARN_DIRECT_OBJC_ISA_USAGE = YES_ERROR;
				CLANG_WARN_DOCUMENTATION_COMMENTS = YES;
				CLANG_WARN_EMPTY_BODY = YES;
				CLANG_WARN_ENUM_CONVERSION = YES;
				CLANG_WARN_INFINITE_RECURSION = YES;
				CLANG_WARN_INT_CONVERSION = YES;
				CLANG_WARN_NON_LITERAL_NULL_CONVERSION = YES;
				CLANG_WARN_OBJC_IMPLICIT_RETAIN_SELF = YES;
				CLANG_WARN_OBJC_LITERAL_CONVERSION = YES;
				CLANG_WARN_OBJC_ROOT_CLASS = YES_ERROR;
				CLANG_WARN_QUOTED_INCLUDE_IN_FRAMEWORK_HEADER = YES;
				CLANG_WARN_RANGE_LOOP_ANALYSIS = YES;
				CLANG_WARN_STRICT_PROTOTYPES = YES;
				CLANG_WARN_SUSPICIOUS_MOVE = YES;
				CLANG_WARN_UNGUARDED_AVAILABILITY = YES_AGGRESSIVE;
				CLANG_WARN_UNREACHABLE_CODE = YES;
				CLANG_WARN__DUPLICATE_METHOD_MATCH = YES;
				COPY_PHASE_STRIP = NO;
				DEBUG_INFORMATION_FORMAT = dwarf;
				ENABLE_STRICT_OBJC_MSGSEND = YES;
				ENABLE_TESTABILITY = YES;
				ENABLE_USER_SCRIPT_SANDBOXING = YES;
				GCC_C_LANGUAGE_STANDARD = gnu17;
				GCC_DYNAMIC_NO_PIC = NO;
				GCC_NO_COMMON_BLOCKS = YES;
				GCC_OPTIMIZATION_LEVEL = 0;
				GCC_PREPROCESSOR_DEFINITIONS = (
					"DEBUG=1",
					"$(inherited)",
				);
				GCC_WARN_64_TO_32_BIT_CONVERSION = YES;
				GCC_WARN_ABOUT_RETURN_TYPE = YES_ERROR;
				GCC_WARN_UNDECLARED_SELECTOR = YES;
				GCC_WARN_UNINITIALIZED_AUTOS = YES_AGGRESSIVE;
				GCC_WARN_UNUSED_FUNCTION = YES;
				GCC_WARN_UNUSED_VARIABLE = YES;
				IPHONEOS_DEPLOYMENT_TARGET = 18.0;
				LOCALIZATION_PREFERS_STRING_CATALOGS = YES;
				MTL_ENABLE_DEBUG_INFO = INCLUDE_SOURCE;
				MTL_FAST_MATH = YES;
				ONLY_ACTIVE_ARCH = YES;
				SDKROOT = iphoneos;
				SWIFT_ACTIVE_COMPILATION_CONDITIONS = "DEBUG $(inherited)";
				SWIFT_OPTIMIZATION_LEVEL = "-Onone";
			};
			name = Debug;
		};
		D542BFC42D7A0EBF00A99792 /* Release */ = {
			isa = XCBuildConfiguration;
			buildSettings = {
				ALWAYS_SEARCH_USER_PATHS = NO;
				ASSETCATALOG_COMPILER_GENERATE_SWIFT_ASSET_SYMBOL_EXTENSIONS = YES;
				CLANG_ANALYZER_NONNULL = YES;
				CLANG_ANALYZER_NUMBER_OBJECT_CONVERSION = YES_AGGRESSIVE;
				CLANG_CXX_LANGUAGE_STANDARD = "gnu++20";
				CLANG_ENABLE_MODULES = YES;
				CLANG_ENABLE_OBJC_ARC = YES;
				CLANG_ENABLE_OBJC_WEAK = YES;
				CLANG_WARN_BLOCK_CAPTURE_AUTORELEASING = YES;
				CLANG_WARN_BOOL_CONVERSION = YES;
				CLANG_WARN_COMMA = YES;
				CLANG_WARN_CONSTANT_CONVERSION = YES;
				CLANG_WARN_DEPRECATED_OBJC_IMPLEMENTATIONS = YES;
				CLANG_WARN_DIRECT_OBJC_ISA_USAGE = YES_ERROR;
				CLANG_WARN_DOCUMENTATION_COMMENTS = YES;
				CLANG_WARN_EMPTY_BODY = YES;
				CLANG_WARN_ENUM_CONVERSION = YES;
				CLANG_WARN_INFINITE_RECURSION = YES;
				CLANG_WARN_INT_CONVERSION = YES;
				CLANG_WARN_NON_LITERAL_NULL_CONVERSION = YES;
				CLANG_WARN_OBJC_IMPLICIT_RETAIN_SELF = YES;
				CLANG_WARN_OBJC_LITERAL_CONVERSION = YES;
				CLANG_WARN_OBJC_ROOT_CLASS = YES_ERROR;
				CLANG_WARN_QUOTED_INCLUDE_IN_FRAMEWORK_HEADER = YES;
				CLANG_WARN_RANGE_LOOP_ANALYSIS = YES;
				CLANG_WARN_STRICT_PROTOTYPES = YES;
				CLANG_WARN_SUSPICIOUS_MOVE = YES;
				CLANG_WARN_UNGUARDED_AVAILABILITY = YES_AGGRESSIVE;
				CLANG_WARN_UNREACHABLE_CODE = YES;
				CLANG_WARN__DUPLICATE_METHOD_MATCH = YES;
				COPY_PHASE_STRIP = NO;
				DEBUG_INFORMATION_FORMAT = "dwarf-with-dsym";
				ENABLE_NS_ASSERTIONS = NO;
				ENABLE_STRICT_OBJC_MSGSEND = YES;
				ENABLE_USER_SCRIPT_SANDBOXING = YES;
				GCC_C_LANGUAGE_STANDARD = gnu17;
				GCC_NO_COMMON_BLOCKS = YES;
				GCC_WARN_64_TO_32_BIT_CONVERSION = YES;
				GCC_WARN_ABOUT_RETURN_TYPE = YES_ERROR;
				GCC_WARN_UNDECLARED_SELECTOR = YES;
				GCC_WARN_UNINITIALIZED_AUTOS = YES_AGGRESSIVE;
				GCC_WARN_UNUSED_FUNCTION = YES;
				GCC_WARN_UNUSED_VARIABLE = YES;
				IPHONEOS_DEPLOYMENT_TARGET = 18.0;
				LOCALIZATION_PREFERS_STRING_CATALOGS = YES;
				MTL_ENABLE_DEBUG_INFO = NO;
				MTL_FAST_MATH = YES;
				SDKROOT = iphoneos;
				SWIFT_COMPILATION_MODE = wholemodule;
				VALIDATE_PRODUCT = YES;
			};
			name = Release;
		};
		D542BFC62D7A0EBF00A99792 /* Debug */ = {
			isa = XCBuildConfiguration;
			buildSettings = {
				BUNDLE_LOADER = "$(TEST_HOST)";
				CODE_SIGN_STYLE = Automatic;
				CURRENT_PROJECT_VERSION = 1;
				GENERATE_INFOPLIST_FILE = YES;
				IPHONEOS_DEPLOYMENT_TARGET = 18.0;
				MARKETING_VERSION = 1.0;
				PRODUCT_BUNDLE_IDENTIFIER = com.QuizAppUITests;
				PRODUCT_NAME = "$(TARGET_NAME)";
				SWIFT_EMIT_LOC_STRINGS = NO;
				SWIFT_VERSION = 5.0;
				TARGETED_DEVICE_FAMILY = "1,2";
				TEST_HOST = "$(BUILT_PRODUCTS_DIR)/QuizAppUI.app/$(BUNDLE_EXECUTABLE_FOLDER_PATH)/QuizAppUI";
			};
			name = Debug;
		};
		D542BFC72D7A0EBF00A99792 /* Release */ = {
			isa = XCBuildConfiguration;
			buildSettings = {
				BUNDLE_LOADER = "$(TEST_HOST)";
				CODE_SIGN_STYLE = Automatic;
				CURRENT_PROJECT_VERSION = 1;
				GENERATE_INFOPLIST_FILE = YES;
				IPHONEOS_DEPLOYMENT_TARGET = 18.0;
				MARKETING_VERSION = 1.0;
				PRODUCT_BUNDLE_IDENTIFIER = com.QuizAppUITests;
				PRODUCT_NAME = "$(TARGET_NAME)";
				SWIFT_EMIT_LOC_STRINGS = NO;
				SWIFT_VERSION = 5.0;
				TARGETED_DEVICE_FAMILY = "1,2";
				TEST_HOST = "$(BUILT_PRODUCTS_DIR)/QuizAppUI.app/$(BUNDLE_EXECUTABLE_FOLDER_PATH)/QuizAppUI";
			};
			name = Release;
		};
		D542BFC92D7A0EBF00A99792 /* Debug */ = {
			isa = XCBuildConfiguration;
			buildSettings = {
				CODE_SIGN_STYLE = Automatic;
				CURRENT_PROJECT_VERSION = 1;
				GENERATE_INFOPLIST_FILE = YES;
				MARKETING_VERSION = 1.0;
				PRODUCT_BUNDLE_IDENTIFIER = com.QuizAppUIUITests;
				PRODUCT_NAME = "$(TARGET_NAME)";
				SWIFT_EMIT_LOC_STRINGS = NO;
				SWIFT_VERSION = 5.0;
				TARGETED_DEVICE_FAMILY = "1,2";
				TEST_TARGET_NAME = QuizAppUI;
			};
			name = Debug;
		};
		D542BFCA2D7A0EBF00A99792 /* Release */ = {
			isa = XCBuildConfiguration;
			buildSettings = {
				CODE_SIGN_STYLE = Automatic;
				CURRENT_PROJECT_VERSION = 1;
				GENERATE_INFOPLIST_FILE = YES;
				MARKETING_VERSION = 1.0;
				PRODUCT_BUNDLE_IDENTIFIER = com.QuizAppUIUITests;
				PRODUCT_NAME = "$(TARGET_NAME)";
				SWIFT_EMIT_LOC_STRINGS = NO;
				SWIFT_VERSION = 5.0;
				TARGETED_DEVICE_FAMILY = "1,2";
				TEST_TARGET_NAME = QuizAppUI;
			};
			name = Release;
		};
/* End XCBuildConfiguration section */

/* Begin XCConfigurationList section */
		D542BF922D7A0EBE00A99792 /* Build configuration list for PBXProject "QuizAppUI" */ = {
			isa = XCConfigurationList;
			buildConfigurations = (
				D542BFC32D7A0EBF00A99792 /* Debug */,
				D542BFC42D7A0EBF00A99792 /* Release */,
			);
			defaultConfigurationIsVisible = 0;
			defaultConfigurationName = Release;
		};
		D542BFC02D7A0EBF00A99792 /* Build configuration list for PBXNativeTarget "QuizAppUI" */ = {
			isa = XCConfigurationList;
			buildConfigurations = (
				D542BFC12D7A0EBF00A99792 /* Debug */,
				D542BFC22D7A0EBF00A99792 /* Release */,
			);
			defaultConfigurationIsVisible = 0;
			defaultConfigurationName = Release;
		};
		D542BFC52D7A0EBF00A99792 /* Build configuration list for PBXNativeTarget "QuizAppUITests" */ = {
			isa = XCConfigurationList;
			buildConfigurations = (
				D542BFC62D7A0EBF00A99792 /* Debug */,
				D542BFC72D7A0EBF00A99792 /* Release */,
			);
			defaultConfigurationIsVisible = 0;
			defaultConfigurationName = Release;
		};
		D542BFC82D7A0EBF00A99792 /* Build configuration list for PBXNativeTarget "QuizAppUIUITests" */ = {
			isa = XCConfigurationList;
			buildConfigurations = (
				D542BFC92D7A0EBF00A99792 /* Debug */,
				D542BFCA2D7A0EBF00A99792 /* Release */,
			);
			defaultConfigurationIsVisible = 0;
			defaultConfigurationName = Release;
		};
/* End XCConfigurationList section */
	};
	rootObject = D542BF8F2D7A0EBE00A99792 /* Project object */;
}
