// !$*UTF8*$!
{
	archiveVersion = 1;
	classes = {
	};
	objectVersion = 77;
	objects = {

/* Begin PBXContainerItemProxy section */
		D59929FE2D679DC400C0D6AD /* PBXContainerItemProxy */ = {
			isa = PBXContainerItemProxy;
			containerPortal = D59929DF2D679DC300C0D6AD /* Project object */;
			proxyType = 1;
			remoteGlobalIDString = D59929E62D679DC300C0D6AD;
			remoteInfo = Quiz;
		};
		D5992A082D679DC400C0D6AD /* PBXContainerItemProxy */ = {
			isa = PBXContainerItemProxy;
			containerPortal = D59929DF2D679DC300C0D6AD /* Project object */;
			proxyType = 1;
			remoteGlobalIDString = D59929E62D679DC300C0D6AD;
			remoteInfo = Quiz;
		};
/* End PBXContainerItemProxy section */

/* Begin PBXFileReference section */
		D59929E72D679DC300C0D6AD /* Quiz.app */ = {isa = PBXFileReference; explicitFileType = wrapper.application; includeInIndex = 0; path = Quiz.app; sourceTree = BUILT_PRODUCTS_DIR; };
		D59929FD2D679DC400C0D6AD /* QuizTests.xctest */ = {isa = PBXFileReference; explicitFileType = wrapper.cfbundle; includeInIndex = 0; path = QuizTests.xctest; sourceTree = BUILT_PRODUCTS_DIR; };
		D5992A072D679DC400C0D6AD /* QuizUITests.xctest */ = {isa = PBXFileReference; explicitFileType = wrapper.cfbundle; includeInIndex = 0; path = QuizUITests.xctest; sourceTree = BUILT_PRODUCTS_DIR; };
/* End PBXFileReference section */

/* Begin PBXFileSystemSynchronizedBuildFileExceptionSet section */
		D5992A0F2D679DC400C0D6AD /* Exceptions for "Quiz" folder in "Quiz" target */ = {
			isa = PBXFileSystemSynchronizedBuildFileExceptionSet;
			membershipExceptions = (
				Info.plist,
			);
			target = D59929E62D679DC300C0D6AD /* Quiz */;
		};
/* End PBXFileSystemSynchronizedBuildFileExceptionSet section */

/* Begin PBXFileSystemSynchronizedRootGroup section */
		D59929E92D679DC300C0D6AD /* Quiz */ = {
			isa = PBXFileSystemSynchronizedRootGroup;
			exceptions = (
				D5992A0F2D679DC400C0D6AD /* Exceptions for "Quiz" folder in "Quiz" target */,
			);
			path = Quiz;
			sourceTree = "<group>";
		};
		D5992A002D679DC400C0D6AD /* QuizTests */ = {
			isa = PBXFileSystemSynchronizedRootGroup;
			path = QuizTests;
			sourceTree = "<group>";
		};
		D5992A0A2D679DC400C0D6AD /* QuizUITests */ = {
			isa = PBXFileSystemSynchronizedRootGroup;
			path = QuizUITests;
			sourceTree = "<group>";
		};
/* End PBXFileSystemSynchronizedRootGroup section */

/* Begin PBXFrameworksBuildPhase section */
		D59929E42D679DC300C0D6AD /* Frameworks */ = {
			isa = PBXFrameworksBuildPhase;
			buildActionMask = 2147483647;
			files = (
			);
			runOnlyForDeploymentPostprocessing = 0;
		};
		D59929FA2D679DC400C0D6AD /* Frameworks */ = {
			isa = PBXFrameworksBuildPhase;
			buildActionMask = 2147483647;
			files = (
			);
			runOnlyForDeploymentPostprocessing = 0;
		};
		D5992A042D679DC400C0D6AD /* Frameworks */ = {
			isa = PBXFrameworksBuildPhase;
			buildActionMask = 2147483647;
			files = (
			);
			runOnlyForDeploymentPostprocessing = 0;
		};
/* End PBXFrameworksBuildPhase section */

/* Begin PBXGroup section */
		D59929DE2D679DC300C0D6AD = {
			isa = PBXGroup;
			children = (
				D59929E92D679DC300C0D6AD /* Quiz */,
				D5992A002D679DC400C0D6AD /* QuizTests */,
				D5992A0A2D679DC400C0D6AD /* QuizUITests */,
				D59929E82D679DC300C0D6AD /* Products */,
			);
			sourceTree = "<group>";
		};
		D59929E82D679DC300C0D6AD /* Products */ = {
			isa = PBXGroup;
			children = (
				D59929E72D679DC300C0D6AD /* Quiz.app */,
				D59929FD2D679DC400C0D6AD /* QuizTests.xctest */,
				D5992A072D679DC400C0D6AD /* QuizUITests.xctest */,
			);
			name = Products;
			sourceTree = "<group>";
		};
/* End PBXGroup section */

/* Begin PBXNativeTarget section */
		D59929E62D679DC300C0D6AD /* Quiz */ = {
			isa = PBXNativeTarget;
			buildConfigurationList = D5992A102D679DC400C0D6AD /* Build configuration list for PBXNativeTarget "Quiz" */;
			buildPhases = (
				D59929E32D679DC300C0D6AD /* Sources */,
				D59929E42D679DC300C0D6AD /* Frameworks */,
				D59929E52D679DC300C0D6AD /* Resources */,
			);
			buildRules = (
			);
			dependencies = (
			);
			fileSystemSynchronizedGroups = (
				D59929E92D679DC300C0D6AD /* Quiz */,
			);
			name = Quiz;
			packageProductDependencies = (
			);
			productName = Quiz;
			productReference = D59929E72D679DC300C0D6AD /* Quiz.app */;
			productType = "com.apple.product-type.application";
		};
		D59929FC2D679DC400C0D6AD /* QuizTests */ = {
			isa = PBXNativeTarget;
			buildConfigurationList = D5992A152D679DC400C0D6AD /* Build configuration list for PBXNativeTarget "QuizTests" */;
			buildPhases = (
				D59929F92D679DC400C0D6AD /* Sources */,
				D59929FA2D679DC400C0D6AD /* Frameworks */,
				D59929FB2D679DC400C0D6AD /* Resources */,
			);
			buildRules = (
			);
			dependencies = (
				D59929FF2D679DC400C0D6AD /* PBXTargetDependency */,
			);
			fileSystemSynchronizedGroups = (
				D5992A002D679DC400C0D6AD /* QuizTests */,
			);
			name = QuizTests;
			packageProductDependencies = (
			);
			productName = QuizTests;
			productReference = D59929FD2D679DC400C0D6AD /* QuizTests.xctest */;
			productType = "com.apple.product-type.bundle.unit-test";
		};
		D5992A062D679DC400C0D6AD /* QuizUITests */ = {
			isa = PBXNativeTarget;
			buildConfigurationList = D5992A182D679DC400C0D6AD /* Build configuration list for PBXNativeTarget "QuizUITests" */;
			buildPhases = (
				D5992A032D679DC400C0D6AD /* Sources */,
				D5992A042D679DC400C0D6AD /* Frameworks */,
				D5992A052D679DC400C0D6AD /* Resources */,
			);
			buildRules = (
			);
			dependencies = (
				D5992A092D679DC400C0D6AD /* PBXTargetDependency */,
			);
			fileSystemSynchronizedGroups = (
				D5992A0A2D679DC400C0D6AD /* QuizUITests */,
			);
			name = QuizUITests;
			packageProductDependencies = (
			);
			productName = QuizUITests;
			productReference = D5992A072D679DC400C0D6AD /* QuizUITests.xctest */;
			productType = "com.apple.product-type.bundle.ui-testing";
		};
/* End PBXNativeTarget section */

/* Begin PBXProject section */
		D59929DF2D679DC300C0D6AD /* Project object */ = {
			isa = PBXProject;
			attributes = {
				BuildIndependentTargetsInParallel = 1;
				LastSwiftUpdateCheck = 1600;
				LastUpgradeCheck = 1600;
				TargetAttributes = {
					D59929E62D679DC300C0D6AD = {
						CreatedOnToolsVersion = 16.0;
					};
					D59929FC2D679DC400C0D6AD = {
						CreatedOnToolsVersion = 16.0;
						TestTargetID = D59929E62D679DC300C0D6AD;
					};
					D5992A062D679DC400C0D6AD = {
						CreatedOnToolsVersion = 16.0;
						TestTargetID = D59929E62D679DC300C0D6AD;
					};
				};
			};
			buildConfigurationList = D59929E22D679DC300C0D6AD /* Build configuration list for PBXProject "Quiz" */;
			developmentRegion = en;
			hasScannedForEncodings = 0;
			knownRegions = (
				en,
				Base,
			);
			mainGroup = D59929DE2D679DC300C0D6AD;
			minimizedProjectReferenceProxies = 1;
			preferredProjectObjectVersion = 77;
			productRefGroup = D59929E82D679DC300C0D6AD /* Products */;
			projectDirPath = "";
			projectRoot = "";
			targets = (
				D59929E62D679DC300C0D6AD /* Quiz */,
				D59929FC2D679DC400C0D6AD /* QuizTests */,
				D5992A062D679DC400C0D6AD /* QuizUITests */,
			);
		};
/* End PBXProject section */

/* Begin PBXResourcesBuildPhase section */
		D59929E52D679DC300C0D6AD /* Resources */ = {
			isa = PBXResourcesBuildPhase;
			buildActionMask = 2147483647;
			files = (
			);
			runOnlyForDeploymentPostprocessing = 0;
		};
		D59929FB2D679DC400C0D6AD /* Resources */ = {
			isa = PBXResourcesBuildPhase;
			buildActionMask = 2147483647;
			files = (
			);
			runOnlyForDeploymentPostprocessing = 0;
		};
		D5992A052D679DC400C0D6AD /* Resources */ = {
			isa = PBXResourcesBuildPhase;
			buildActionMask = 2147483647;
			files = (
			);
			runOnlyForDeploymentPostprocessing = 0;
		};
/* End PBXResourcesBuildPhase section */

/* Begin PBXSourcesBuildPhase section */
		D59929E32D679DC300C0D6AD /* Sources */ = {
			isa = PBXSourcesBuildPhase;
			buildActionMask = 2147483647;
			files = (
			);
			runOnlyForDeploymentPostprocessing = 0;
		};
		D59929F92D679DC400C0D6AD /* Sources */ = {
			isa = PBXSourcesBuildPhase;
			buildActionMask = 2147483647;
			files = (
			);
			runOnlyForDeploymentPostprocessing = 0;
		};
		D5992A032D679DC400C0D6AD /* Sources */ = {
			isa = PBXSourcesBuildPhase;
			buildActionMask = 2147483647;
			files = (
			);
			runOnlyForDeploymentPostprocessing = 0;
		};
/* End PBXSourcesBuildPhase section */

/* Begin PBXTargetDependency section */
		D59929FF2D679DC400C0D6AD /* PBXTargetDependency */ = {
			isa = PBXTargetDependency;
			target = D59929E62D679DC300C0D6AD /* Quiz */;
			targetProxy = D59929FE2D679DC400C0D6AD /* PBXContainerItemProxy */;
		};
		D5992A092D679DC400C0D6AD /* PBXTargetDependency */ = {
			isa = PBXTargetDependency;
			target = D59929E62D679DC300C0D6AD /* Quiz */;
			targetProxy = D5992A082D679DC400C0D6AD /* PBXContainerItemProxy */;
		};
/* End PBXTargetDependency section */

/* Begin XCBuildConfiguration section */
		D5992A112D679DC400C0D6AD /* Debug */ = {
			isa = XCBuildConfiguration;
			buildSettings = {
				ASSETCATALOG_COMPILER_APPICON_NAME = AppIcon;
				ASSETCATALOG_COMPILER_GLOBAL_ACCENT_COLOR_NAME = AccentColor;
				CODE_SIGN_STYLE = Automatic;
				CURRENT_PROJECT_VERSION = 1;
				GENERATE_INFOPLIST_FILE = YES;
				INFOPLIST_FILE = Quiz/Info.plist;
				INFOPLIST_KEY_UIApplicationSupportsIndirectInputEvents = YES;
				INFOPLIST_KEY_UILaunchStoryboardName = LaunchScreen;
				INFOPLIST_KEY_UIMainStoryboardFile = Main;
				INFOPLIST_KEY_UISupportedInterfaceOrientations_iPad = "UIInterfaceOrientationPortrait UIInterfaceOrientationPortraitUpsideDown UIInterfaceOrientationLandscapeLeft UIInterfaceOrientationLandscapeRight";
				INFOPLIST_KEY_UISupportedInterfaceOrientations_iPhone = "UIInterfaceOrientationPortrait UIInterfaceOrientationLandscapeLeft UIInterfaceOrientationLandscapeRight";
				LD_RUNPATH_SEARCH_PATHS = (
					"$(inherited)",
					"@executable_path/Frameworks",
				);
				MARKETING_VERSION = 1.0;
				PRODUCT_BUNDLE_IDENTIFIER = com.Quiz;
				PRODUCT_NAME = "$(TARGET_NAME)";
				SWIFT_EMIT_LOC_STRINGS = YES;
				SWIFT_VERSION = 5.0;
				TARGETED_DEVICE_FAMILY = "1,2";
			};
			name = Debug;
		};
		D5992A122D679DC400C0D6AD /* Release */ = {
			isa = XCBuildConfiguration;
			buildSettings = {
				ASSETCATALOG_COMPILER_APPICON_NAME = AppIcon;
				ASSETCATALOG_COMPILER_GLOBAL_ACCENT_COLOR_NAME = AccentColor;
				CODE_SIGN_STYLE = Automatic;
				CURRENT_PROJECT_VERSION = 1;
				GENERATE_INFOPLIST_FILE = YES;
				INFOPLIST_FILE = Quiz/Info.plist;
				INFOPLIST_KEY_UIApplicationSupportsIndirectInputEvents = YES;
				INFOPLIST_KEY_UILaunchStoryboardName = LaunchScreen;
				INFOPLIST_KEY_UIMainStoryboardFile = Main;
				INFOPLIST_KEY_UISupportedInterfaceOrientations_iPad = "UIInterfaceOrientationPortrait UIInterfaceOrientationPortraitUpsideDown UIInterfaceOrientationLandscapeLeft UIInterfaceOrientationLandscapeRight";
				INFOPLIST_KEY_UISupportedInterfaceOrientations_iPhone = "UIInterfaceOrientationPortrait UIInterfaceOrientationLandscapeLeft UIInterfaceOrientationLandscapeRight";
				LD_RUNPATH_SEARCH_PATHS = (
					"$(inherited)",
					"@executable_path/Frameworks",
				);
				MARKETING_VERSION = 1.0;
				PRODUCT_BUNDLE_IDENTIFIER = com.Quiz;
				PRODUCT_NAME = "$(TARGET_NAME)";
				SWIFT_EMIT_LOC_STRINGS = YES;
				SWIFT_VERSION = 5.0;
				TARGETED_DEVICE_FAMILY = "1,2";
			};
			name = Release;
		};
		D5992A132D679DC400C0D6AD /* Debug */ = {
			isa = XCBuildConfiguration;
			buildSettings = {
				ALWAYS_SEARCH_USER_PATHS = NO;
				ASSETCATALOG_COMPILER_GENERATE_SWIFT_ASSET_SYMBOL_EXTENSIONS = YES;
				CLANG_ANALYZER_NONNULL = YES;
				CLANG_ANALYZER_NUMBER_OBJECT_CONVERSION = YES_AGGRESSIVE;
				CLANG_CXX_LANGUAGE_STANDARD = "gnu++20";
				CLANG_ENABLE_MODULES = YES;
				CLANG_ENABLE_OBJC_ARC = YES;
				CLANG_ENABLE_OBJC_WEAK = YES;
				CLANG_WARN_BLOCK_CAPTURE_AUTORELEASING = YES;
				CLANG_WARN_BOOL_CONVERSION = YES;
				CLANG_WARN_COMMA = YES;
				CLANG_WARN_CONSTANT_CONVERSION = YES;
				CLANG_WARN_DEPRECATED_OBJC_IMPLEMENTATIONS = YES;
				CLANG_WARN_DIRECT_OBJC_ISA_USAGE = YES_ERROR;
				CLANG_WARN_DOCUMENTATION_COMMENTS = YES;
				CLANG_WARN_EMPTY_BODY = YES;
				CLANG_WARN_ENUM_CONVERSION = YES;
				CLANG_WARN_INFINITE_RECURSION = YES;
				CLANG_WARN_INT_CONVERSION = YES;
				CLANG_WARN_NON_LITERAL_NULL_CONVERSION = YES;
				CLANG_WARN_OBJC_IMPLICIT_RETAIN_SELF = YES;
				CLANG_WARN_OBJC_LITERAL_CONVERSION = YES;
				CLANG_WARN_OBJC_ROOT_CLASS = YES_ERROR;
				CLANG_WARN_QUOTED_INCLUDE_IN_FRAMEWORK_HEADER = YES;
				CLANG_WARN_RANGE_LOOP_ANALYSIS = YES;
				CLANG_WARN_STRICT_PROTOTYPES = YES;
				CLANG_WARN_SUSPICIOUS_MOVE = YES;
				CLANG_WARN_UNGUARDED_AVAILABILITY = YES_AGGRESSIVE;
				CLANG_WARN_UNREACHABLE_CODE = YES;
				CLANG_WARN__DUPLICATE_METHOD_MATCH = YES;
				COPY_PHASE_STRIP = NO;
				DEBUG_INFORMATION_FORMAT = dwarf;
				ENABLE_STRICT_OBJC_MSGSEND = YES;
				ENABLE_TESTABILITY = YES;
				ENABLE_USER_SCRIPT_SANDBOXING = YES;
				GCC_C_LANGUAGE_STANDARD = gnu17;
				GCC_DYNAMIC_NO_PIC = NO;
				GCC_NO_COMMON_BLOCKS = YES;
				GCC_OPTIMIZATION_LEVEL = 0;
				GCC_PREPROCESSOR_DEFINITIONS = (
					"DEBUG=1",
					"$(inherited)",
				);
				GCC_WARN_64_TO_32_BIT_CONVERSION = YES;
				GCC_WARN_ABOUT_RETURN_TYPE = YES_ERROR;
				GCC_WARN_UNDECLARED_SELECTOR = YES;
				GCC_WARN_UNINITIALIZED_AUTOS = YES_AGGRESSIVE;
				GCC_WARN_UNUSED_FUNCTION = YES;
				GCC_WARN_UNUSED_VARIABLE = YES;
				IPHONEOS_DEPLOYMENT_TARGET = 18.0;
				LOCALIZATION_PREFERS_STRING_CATALOGS = YES;
				MTL_ENABLE_DEBUG_INFO = INCLUDE_SOURCE;
				MTL_FAST_MATH = YES;
				ONLY_ACTIVE_ARCH = YES;
				SDKROOT = iphoneos;
				SWIFT_ACTIVE_COMPILATION_CONDITIONS = "DEBUG $(inherited)";
				SWIFT_OPTIMIZATION_LEVEL = "-Onone";
			};
			name = Debug;
		};
		D5992A142D679DC400C0D6AD /* Release */ = {
			isa = XCBuildConfiguration;
			buildSettings = {
				ALWAYS_SEARCH_USER_PATHS = NO;
				ASSETCATALOG_COMPILER_GENERATE_SWIFT_ASSET_SYMBOL_EXTENSIONS = YES;
				CLANG_ANALYZER_NONNULL = YES;
				CLANG_ANALYZER_NUMBER_OBJECT_CONVERSION = YES_AGGRESSIVE;
				CLANG_CXX_LANGUAGE_STANDARD = "gnu++20";
				CLANG_ENABLE_MODULES = YES;
				CLANG_ENABLE_OBJC_ARC = YES;
				CLANG_ENABLE_OBJC_WEAK = YES;
				CLANG_WARN_BLOCK_CAPTURE_AUTORELEASING = YES;
				CLANG_WARN_BOOL_CONVERSION = YES;
				CLANG_WARN_COMMA = YES;
				CLANG_WARN_CONSTANT_CONVERSION = YES;
				CLANG_WARN_DEPRECATED_OBJC_IMPLEMENTATIONS = YES;
				CLANG_WARN_DIRECT_OBJC_ISA_USAGE = YES_ERROR;
				CLANG_WARN_DOCUMENTATION_COMMENTS = YES;
				CLANG_WARN_EMPTY_BODY = YES;
				CLANG_WARN_ENUM_CONVERSION = YES;
				CLANG_WARN_INFINITE_RECURSION = YES;
				CLANG_WARN_INT_CONVERSION = YES;
				CLANG_WARN_NON_LITERAL_NULL_CONVERSION = YES;
				CLANG_WARN_OBJC_IMPLICIT_RETAIN_SELF = YES;
				CLANG_WARN_OBJC_LITERAL_CONVERSION = YES;
				CLANG_WARN_OBJC_ROOT_CLASS = YES_ERROR;
				CLANG_WARN_QUOTED_INCLUDE_IN_FRAMEWORK_HEADER = YES;
				CLANG_WARN_RANGE_LOOP_ANALYSIS = YES;
				CLANG_WARN_STRICT_PROTOTYPES = YES;
				CLANG_WARN_SUSPICIOUS_MOVE = YES;
				CLANG_WARN_UNGUARDED_AVAILABILITY = YES_AGGRESSIVE;
				CLANG_WARN_UNREACHABLE_CODE = YES;
				CLANG_WARN__DUPLICATE_METHOD_MATCH = YES;
				COPY_PHASE_STRIP = NO;
				DEBUG_INFORMATION_FORMAT = "dwarf-with-dsym";
				ENABLE_NS_ASSERTIONS = NO;
				ENABLE_STRICT_OBJC_MSGSEND = YES;
				ENABLE_USER_SCRIPT_SANDBOXING = YES;
				GCC_C_LANGUAGE_STANDARD = gnu17;
				GCC_NO_COMMON_BLOCKS = YES;
				GCC_WARN_64_TO_32_BIT_CONVERSION = YES;
				GCC_WARN_ABOUT_RETURN_TYPE = YES_ERROR;
				GCC_WARN_UNDECLARED_SELECTOR = YES;
				GCC_WARN_UNINITIALIZED_AUTOS = YES_AGGRESSIVE;
				GCC_WARN_UNUSED_FUNCTION = YES;
				GCC_WARN_UNUSED_VARIABLE = YES;
				IPHONEOS_DEPLOYMENT_TARGET = 18.0;
				LOCALIZATION_PREFERS_STRING_CATALOGS = YES;
				MTL_ENABLE_DEBUG_INFO = NO;
				MTL_FAST_MATH = YES;
				SDKROOT = iphoneos;
				SWIFT_COMPILATION_MODE = wholemodule;
				VALIDATE_PRODUCT = YES;
			};
			name = Release;
		};
		D5992A162D679DC400C0D6AD /* Debug */ = {
			isa = XCBuildConfiguration;
			buildSettings = {
				BUNDLE_LOADER = "$(TEST_HOST)";
				CODE_SIGN_STYLE = Automatic;
				CURRENT_PROJECT_VERSION = 1;
				GENERATE_INFOPLIST_FILE = YES;
				IPHONEOS_DEPLOYMENT_TARGET = 18.0;
				MARKETING_VERSION = 1.0;
				PRODUCT_BUNDLE_IDENTIFIER = com.QuizTests;
				PRODUCT_NAME = "$(TARGET_NAME)";
				SWIFT_EMIT_LOC_STRINGS = NO;
				SWIFT_VERSION = 5.0;
				TARGETED_DEVICE_FAMILY = "1,2";
				TEST_HOST = "$(BUILT_PRODUCTS_DIR)/Quiz.app/$(BUNDLE_EXECUTABLE_FOLDER_PATH)/Quiz";
			};
			name = Debug;
		};
		D5992A172D679DC400C0D6AD /* Release */ = {
			isa = XCBuildConfiguration;
			buildSettings = {
				BUNDLE_LOADER = "$(TEST_HOST)";
				CODE_SIGN_STYLE = Automatic;
				CURRENT_PROJECT_VERSION = 1;
				GENERATE_INFOPLIST_FILE = YES;
				IPHONEOS_DEPLOYMENT_TARGET = 18.0;
				MARKETING_VERSION = 1.0;
				PRODUCT_BUNDLE_IDENTIFIER = com.QuizTests;
				PRODUCT_NAME = "$(TARGET_NAME)";
				SWIFT_EMIT_LOC_STRINGS = NO;
				SWIFT_VERSION = 5.0;
				TARGETED_DEVICE_FAMILY = "1,2";
				TEST_HOST = "$(BUILT_PRODUCTS_DIR)/Quiz.app/$(BUNDLE_EXECUTABLE_FOLDER_PATH)/Quiz";
			};
			name = Release;
		};
		D5992A192D679DC400C0D6AD /* Debug */ = {
			isa = XCBuildConfiguration;
			buildSettings = {
				CODE_SIGN_STYLE = Automatic;
				CURRENT_PROJECT_VERSION = 1;
				GENERATE_INFOPLIST_FILE = YES;
				MARKETING_VERSION = 1.0;
				PRODUCT_BUNDLE_IDENTIFIER = com.QuizUITests;
				PRODUCT_NAME = "$(TARGET_NAME)";
				SWIFT_EMIT_LOC_STRINGS = NO;
				SWIFT_VERSION = 5.0;
				TARGETED_DEVICE_FAMILY = "1,2";
				TEST_TARGET_NAME = Quiz;
			};
			name = Debug;
		};
		D5992A1A2D679DC400C0D6AD /* Release */ = {
			isa = XCBuildConfiguration;
			buildSettings = {
				CODE_SIGN_STYLE = Automatic;
				CURRENT_PROJECT_VERSION = 1;
				GENERATE_INFOPLIST_FILE = YES;
				MARKETING_VERSION = 1.0;
				PRODUCT_BUNDLE_IDENTIFIER = com.QuizUITests;
				PRODUCT_NAME = "$(TARGET_NAME)";
				SWIFT_EMIT_LOC_STRINGS = NO;
				SWIFT_VERSION = 5.0;
				TARGETED_DEVICE_FAMILY = "1,2";
				TEST_TARGET_NAME = Quiz;
			};
			name = Release;
		};
/* End XCBuildConfiguration section */

/* Begin XCConfigurationList section */
		D59929E22D679DC300C0D6AD /* Build configuration list for PBXProject "Quiz" */ = {
			isa = XCConfigurationList;
			buildConfigurations = (
				D5992A132D679DC400C0D6AD /* Debug */,
				D5992A142D679DC400C0D6AD /* Release */,
			);
			defaultConfigurationIsVisible = 0;
			defaultConfigurationName = Release;
		};
		D5992A102D679DC400C0D6AD /* Build configuration list for PBXNativeTarget "Quiz" */ = {
			isa = XCConfigurationList;
			buildConfigurations = (
				D5992A112D679DC400C0D6AD /* Debug */,
				D5992A122D679DC400C0D6AD /* Release */,
			);
			defaultConfigurationIsVisible = 0;
			defaultConfigurationName = Release;
		};
		D5992A152D679DC400C0D6AD /* Build configuration list for PBXNativeTarget "QuizTests" */ = {
			isa = XCConfigurationList;
			buildConfigurations = (
				D5992A162D679DC400C0D6AD /* Debug */,
				D5992A172D679DC400C0D6AD /* Release */,
			);
			defaultConfigurationIsVisible = 0;
			defaultConfigurationName = Release;
		};
		D5992A182D679DC400C0D6AD /* Build configuration list for PBXNativeTarget "QuizUITests" */ = {
			isa = XCConfigurationList;
			buildConfigurations = (
				D5992A192D679DC400C0D6AD /* Debug */,
				D5992A1A2D679DC400C0D6AD /* Release */,
			);
			defaultConfigurationIsVisible = 0;
			defaultConfigurationName = Release;
		};
/* End XCConfigurationList section */
	};
	rootObject = D59929DF2D679DC300C0D6AD /* Project object */;
}
